{
  "name": "lw_p1-addon",
  "version": "1.0.0",
  "lockfileVersion": 3,
  "requires": true,
  "packages": {
    "": {
      "name": "lw_p1-addon",
      "version": "1.0.0",
      "devDependencies": {
        "@minecraft/server": "2.3.0",
        "@minecraft/server-ui": "2.0.0",
        "typescript": "^5.5.0"
      }
    },
    "node_modules/@minecraft/common": {
      "version": "1.3.0",
      "resolved": "https://registry.npmjs.org/@minecraft/common/-/common-1.3.0.tgz",
      "integrity": "sha512-GLT8USFhvEyeTTFHZAgszbrnoT007hmXmK+aO4l+2A1up9/zwZ+4e8R8F0KcKrCWDjLEqkOJtPow0hQCcNJ++Q==",
      "dev": true,
      "license": "MIT"
    },
    "node_modules/@minecraft/server": {
      "version": "2.3.0",
      "resolved": "https://registry.npmjs.org/@minecraft/server/-/server-2.3.0.tgz",
      "integrity": "sha512-2SXAjZPb67TRjVGVhSXST8ha9p9zrRw0LiCY6+Ul4RN62+j3BbeCMtvOlVLvZV/KjGJyw3fFxIw7SsTzi2szYw==",
      "dev": true,
      "license": "MIT",
      "peerDependencies": {
        "@minecraft/common": "^1.2.0",
        "@minecraft/vanilla-data": ">=1.20.70"
      }
    },
    "node_modules/@minecraft/server-ui": {
      "version": "2.0.0",
      "resolved": "https://registry.npmjs.org/@minecraft/server-ui/-/server-ui-2.0.0.tgz",
      "integrity": "sha512-K1xFK1OEJSNfIgyRElaoxDTW/nbEqjBp1YnUdyPCs4kGDglwoXNyFz3wzMOkvT04CJXSifZGcTJeWda4C6OkXw==",
      "dev": true,
      "license": "MIT",
      "dependencies": {
        "@minecraft/common": "^1.0.0",
        "@minecraft/server": "^2.0.0"
      }
    },
    "node_modules/@minecraft/vanilla-data": {
      "version": "1.26.44",
      "resolved": "https://registry.npmjs.org/@minecraft/vanilla-data/-/vanilla-data-1.26.44.tgz",
      "integrity": "sha512-77Q/ZYrNUDqb1y9velRhal3H2jWVrHS0LnACn48gb6D7dhp9PVGqLGYPztAxkEcaopOkoKDt72j2vvjZqm7/Yg==",
      "dev": true,
      "license": "MIT",
      "peer": true
    },
    "node_modules/typescript": {
      "version": "5.9.3",
      "resolved": "https://registry.npmjs.org/typescript/-/typescript-5.9.3.tgz",
      "integrity": "sha512-jl1vZzPDinLr9eUt3J/t7V6FgNEw9QjvBPdysz9KfQDD41fQrC2Y4vKQdiaUpFT4bXlb1RHhLpp8wtm6M5TgSw==",
      "dev": true,
      "license": "Apache-2.0",
      "bin": {
        "tsc": "bin/tsc",
        "tsserver": "bin/tsserver"
      },
      "engines": {
        "node": ">=14.17"
      }
    }
  }
}
